
Microsoft Visual Studio Solution File, Format Version 12.00
Project("{2150E333-8FDC-42A3-9474-1A3956D46DE8}") = "Presentation", "Presentation", "{D9CDFCBB-4162-4C21-B067-E6FC0E351AF7}"
EndProject
Project("{FAE04EC0-301F-11D3-BF4B-00C04F79EFBC}") = "EshopWebService.Api", "Presentation\EshopWebService.Api\EshopWebService.Api.csproj", "{63171872-36FE-4351-9E5B-91C0A5C8DA6B}"
EndProject
Project("{FAE04EC0-301F-11D3-BF4B-00C04F79EFBC}") = "EshopWebService.Application", "Core\EshopWebService.Application\EshopWebService.Application.csproj", "{A1DA4471-5940-4AD4-A396-CB795D60614E}"
EndProject
Project("{2150E333-8FDC-42A3-9474-1A3956D46DE8}") = "Core", "Core", "{8D2D2977-B9AB-40E4-9EE7-565AE2A4EDF3}"
EndProject
Project("{FAE04EC0-301F-11D3-BF4B-00C04F79EFBC}") = "EshopWebService.Domain", "Core\EshopWebService.Domain\EshopWebService.Domain.csproj", "{541CB5CE-4496-4417-8356-0C241EEDF74B}"
EndProject
Project("{2150E333-8FDC-42A3-9474-1A3956D46DE8}") = "Intrastructure", "Intrastructure", "{6B7CA393-972A-4D89-8620-B5643C6818D6}"
EndProject
Project("{FAE04EC0-301F-11D3-BF4B-00C04F79EFBC}") = "EshopWebService.Intrastructure", "Intrastructure\EshopWebService.Intrastructure\EshopWebService.Intrastructure.csproj", "{A5607E82-CC74-4E5F-BC55-C4B7B4834835}"
EndProject
Global
	GlobalSection(SolutionConfigurationPlatforms) = preSolution
		Debug|Any CPU = Debug|Any CPU
		Release|Any CPU = Release|Any CPU
	EndGlobalSection
	GlobalSection(NestedProjects) = preSolution
		{63171872-36FE-4351-9E5B-91C0A5C8DA6B} = {D9CDFCBB-4162-4C21-B067-E6FC0E351AF7}
		{A1DA4471-5940-4AD4-A396-CB795D60614E} = {8D2D2977-B9AB-40E4-9EE7-565AE2A4EDF3}
		{541CB5CE-4496-4417-8356-0C241EEDF74B} = {8D2D2977-B9AB-40E4-9EE7-565AE2A4EDF3}
		{A5607E82-CC74-4E5F-BC55-C4B7B4834835} = {6B7CA393-972A-4D89-8620-B5643C6818D6}
	EndGlobalSection
	GlobalSection(ProjectConfigurationPlatforms) = postSolution
		{63171872-36FE-4351-9E5B-91C0A5C8DA6B}.Debug|Any CPU.ActiveCfg = Debug|Any CPU
		{63171872-36FE-4351-9E5B-91C0A5C8DA6B}.Debug|Any CPU.Build.0 = Debug|Any CPU
		{63171872-36FE-4351-9E5B-91C0A5C8DA6B}.Release|Any CPU.ActiveCfg = Release|Any CPU
		{63171872-36FE-4351-9E5B-91C0A5C8DA6B}.Release|Any CPU.Build.0 = Release|Any CPU
		{A1DA4471-5940-4AD4-A396-CB795D60614E}.Debug|Any CPU.ActiveCfg = Debug|Any CPU
		{A1DA4471-5940-4AD4-A396-CB795D60614E}.Debug|Any CPU.Build.0 = Debug|Any CPU
		{A1DA4471-5940-4AD4-A396-CB795D60614E}.Release|Any CPU.ActiveCfg = Release|Any CPU
		{A1DA4471-5940-4AD4-A396-CB795D60614E}.Release|Any CPU.Build.0 = Release|Any CPU
		{541CB5CE-4496-4417-8356-0C241EEDF74B}.Debug|Any CPU.ActiveCfg = Debug|Any CPU
		{541CB5CE-4496-4417-8356-0C241EEDF74B}.Debug|Any CPU.Build.0 = Debug|Any CPU
		{541CB5CE-4496-4417-8356-0C241EEDF74B}.Release|Any CPU.ActiveCfg = Release|Any CPU
		{541CB5CE-4496-4417-8356-0C241EEDF74B}.Release|Any CPU.Build.0 = Release|Any CPU
		{A5607E82-CC74-4E5F-BC55-C4B7B4834835}.Debug|Any CPU.ActiveCfg = Debug|Any CPU
		{A5607E82-CC74-4E5F-BC55-C4B7B4834835}.Debug|Any CPU.Build.0 = Debug|Any CPU
		{A5607E82-CC74-4E5F-BC55-C4B7B4834835}.Release|Any CPU.ActiveCfg = Release|Any CPU
		{A5607E82-CC74-4E5F-BC55-C4B7B4834835}.Release|Any CPU.Build.0 = Release|Any CPU
	EndGlobalSection
EndGlobal
